
Microsoft Visual Studio Solution File, Format Version 12.00
# Visual Studio 15
VisualStudioVersion = 15.0.26730.12
MinimumVisualStudioVersion = 10.0.40219.1
Project("{FAE04EC0-301F-11D3-BF4B-00C04F79EFBC}") = "ConsoleApp1", "ConsoleApp1\ConsoleApp1.csproj", "{CB01FFCA-A350-4A49-B6FA-14521F166751}"
EndProject
Global
	GlobalSection(SolutionConfigurationPlatforms) = preSolution
		Debug|Any CPU = Debug|Any CPU
		Release|Any CPU = Release|Any CPU
	EndGlobalSection
	GlobalSection(ProjectConfigurationPlatforms) = postSolution
		{CB01FFCA-A350-4A49-B6FA-14521F166751}.Debug|Any CPU.ActiveCfg = Debug|Any CPU
		{CB01FFCA-A350-4A49-B6FA-14521F166751}.Debug|Any CPU.Build.0 = Debug|Any CPU
		{CB01FFCA-A350-4A49-B6FA-14521F166751}.Release|Any CPU.ActiveCfg = Release|Any CPU
		{CB01FFCA-A350-4A49-B6FA-14521F166751}.Release|Any CPU.Build.0 = Release|Any CPU
	EndGlobalSection
	GlobalSection(SolutionProperties) = preSolution
		HideSolutionNode = FALSE
	EndGlobalSection
	GlobalSection(ExtensibilityGlobals) = postSolution
		SolutionGuid = {794889DE-4B52-4205-A787-6E260624E65B}
	EndGlobalSection
EndGlobal
