
Microsoft Visual Studio Solution File, Format Version 12.00
# Visual Studio 15
VisualStudioVersion = 15.0.26730.12
MinimumVisualStudioVersion = 10.0.40219.1
Project("{FAE04EC0-301F-11D3-BF4B-00C04F79EFBC}") = "Lab01-Kyle", "Lab01-Kyle\Lab01-Kyle.csproj", "{75BF0BB9-1336-4273-99BA-0F9B6FF1D23A}"
EndProject
Project("{2150E333-8FDC-42A3-9474-1A3956D46DE8}") = "Solution Items", "Solution Items", "{E20057CD-05C9-4A6E-9F69-4BE35D29DA82}"
	ProjectSection(SolutionItems) = preProject
		Readme.md = Readme.md
	EndProjectSection
EndProject
Global
	GlobalSection(SolutionConfigurationPlatforms) = preSolution
		Debug|Any CPU = Debug|Any CPU
		Release|Any CPU = Release|Any CPU
	EndGlobalSection
	GlobalSection(ProjectConfigurationPlatforms) = postSolution
		{75BF0BB9-1336-4273-99BA-0F9B6FF1D23A}.Debug|Any CPU.ActiveCfg = Debug|Any CPU
		{75BF0BB9-1336-4273-99BA-0F9B6FF1D23A}.Debug|Any CPU.Build.0 = Debug|Any CPU
		{75BF0BB9-1336-4273-99BA-0F9B6FF1D23A}.Release|Any CPU.ActiveCfg = Release|Any CPU
		{75BF0BB9-1336-4273-99BA-0F9B6FF1D23A}.Release|Any CPU.Build.0 = Release|Any CPU
	EndGlobalSection
	GlobalSection(SolutionProperties) = preSolution
		HideSolutionNode = FALSE
	EndGlobalSection
	GlobalSection(ExtensibilityGlobals) = postSolution
		SolutionGuid = {2C6D3EAA-6171-4B13-8145-FED0F0AC52BF}
	EndGlobalSection
EndGlobal
